
Microsoft Visual Studio Solution File, Format Version 12.00
# Visual Studio Version 16
VisualStudioVersion = 16.0.33214.272
MinimumVisualStudioVersion = 10.0.40219.1
Project("{FAE04EC0-301F-11D3-BF4B-00C04F79EFBC}") = "Connection", "coonections\Connection.csproj", "{F68532B2-F732-42BB-81B6-03990785B974}"
EndProject
Global
	GlobalSection(SolutionConfigurationPlatforms) = preSolution
		Debug|Any CPU = Debug|Any CPU
		Release|Any CPU = Release|Any CPU
	EndGlobalSection
	GlobalSection(ProjectConfigurationPlatforms) = postSolution
		{F68532B2-F732-42BB-81B6-03990785B974}.Debug|Any CPU.ActiveCfg = Debug|Any CPU
		{F68532B2-F732-42BB-81B6-03990785B974}.Debug|Any CPU.Build.0 = Debug|Any CPU
		{F68532B2-F732-42BB-81B6-03990785B974}.Release|Any CPU.ActiveCfg = Release|Any CPU
		{F68532B2-F732-42BB-81B6-03990785B974}.Release|Any CPU.Build.0 = Release|Any CPU
	EndGlobalSection
	GlobalSection(SolutionProperties) = preSolution
		HideSolutionNode = FALSE
	EndGlobalSection
	GlobalSection(ExtensibilityGlobals) = postSolution
		SolutionGuid = {9FFFF4E3-96CB-4321-8D63-32C1331BC958}
	EndGlobalSection
EndGlobal
